// !$*UTF8*$!
{
	archiveVersion = 1;
	classes = {
	};
	objectVersion = 56;
	objects = {

/* Begin PBXBuildFile section */
		7D54D8E629E6D31100F3D47D /* FlashCardAppApp.swift in Sources */ = {isa = PBXBuildFile; fileRef = 7D54D8E529E6D31100F3D47D /* FlashCardAppApp.swift */; };
		7D54D8E829E6D31100F3D47D /* FlashCardsTrainingView.swift in Sources */ = {isa = PBXBuildFile; fileRef = 7D54D8E729E6D31100F3D47D /* FlashCardsTrainingView.swift */; };
		7D54D8EA29E6D31200F3D47D /* Assets.xcassets in Resources */ = {isa = PBXBuildFile; fileRef = 7D54D8E929E6D31200F3D47D /* Assets.xcassets */; };
		7D54D8ED29E6D31200F3D47D /* Preview Assets.xcassets in Resources */ = {isa = PBXBuildFile; fileRef = 7D54D8EC29E6D31200F3D47D /* Preview Assets.xcassets */; };
		7D54D8F429E6D36900F3D47D /* FlashCardView.swift in Sources */ = {isa = PBXBuildFile; fileRef = 7D54D8F329E6D36900F3D47D /* FlashCardView.swift */; };
		7D54D8F629E6D3C700F3D47D /* FlashCard.swift in Sources */ = {isa = PBXBuildFile; fileRef = 7D54D8F529E6D3C700F3D47D /* FlashCard.swift */; };
		7D54D8F829E6DB7600F3D47D /* ContentView.swift in Sources */ = {isa = PBXBuildFile; fileRef = 7D54D8F729E6DB7600F3D47D /* ContentView.swift */; };
		7D54D8FA29E6DC3400F3D47D /* FlashCardSet.swift in Sources */ = {isa = PBXBuildFile; fileRef = 7D54D8F929E6DC3400F3D47D /* FlashCardSet.swift */; };
		7D54D8FE29E6DE5C00F3D47D /* AddFlashCardSetView.swift in Sources */ = {isa = PBXBuildFile; fileRef = 7D54D8FD29E6DE5C00F3D47D /* AddFlashCardSetView.swift */; };
		7D54D90029E6E65B00F3D47D /* FlashCardsResultView.swift in Sources */ = {isa = PBXBuildFile; fileRef = 7D54D8FF29E6E65B00F3D47D /* FlashCardsResultView.swift */; };
/* End PBXBuildFile section */

/* Begin PBXFileReference section */
		7D54D8E229E6D31100F3D47D /* FlashCardApp.app */ = {isa = PBXFileReference; explicitFileType = wrapper.application; includeInIndex = 0; path = FlashCardApp.app; sourceTree = BUILT_PRODUCTS_DIR; };
		7D54D8E529E6D31100F3D47D /* FlashCardAppApp.swift */ = {isa = PBXFileReference; lastKnownFileType = sourcecode.swift; path = FlashCardAppApp.swift; sourceTree = "<group>"; };
		7D54D8E729E6D31100F3D47D /* FlashCardsTrainingView.swift */ = {isa = PBXFileReference; lastKnownFileType = sourcecode.swift; path = FlashCardsTrainingView.swift; sourceTree = "<group>"; };
		7D54D8E929E6D31200F3D47D /* Assets.xcassets */ = {isa = PBXFileReference; lastKnownFileType = folder.assetcatalog; path = Assets.xcassets; sourceTree = "<group>"; };
		7D54D8EC29E6D31200F3D47D /* Preview Assets.xcassets */ = {isa = PBXFileReference; lastKnownFileType = folder.assetcatalog; path = "Preview Assets.xcassets"; sourceTree = "<group>"; };
		7D54D8F329E6D36900F3D47D /* FlashCardView.swift */ = {isa = PBXFileReference; lastKnownFileType = sourcecode.swift; path = FlashCardView.swift; sourceTree = "<group>"; };
		7D54D8F529E6D3C700F3D47D /* FlashCard.swift */ = {isa = PBXFileReference; lastKnownFileType = sourcecode.swift; path = FlashCard.swift; sourceTree = "<group>"; };
		7D54D8F729E6DB7600F3D47D /* ContentView.swift */ = {isa = PBXFileReference; lastKnownFileType = sourcecode.swift; path = ContentView.swift; sourceTree = "<group>"; };
		7D54D8F929E6DC3400F3D47D /* FlashCardSet.swift */ = {isa = PBXFileReference; lastKnownFileType = sourcecode.swift; path = FlashCardSet.swift; sourceTree = "<group>"; };
		7D54D8FD29E6DE5C00F3D47D /* AddFlashCardSetView.swift */ = {isa = PBXFileReference; lastKnownFileType = sourcecode.swift; path = AddFlashCardSetView.swift; sourceTree = "<group>"; };
		7D54D8FF29E6E65B00F3D47D /* FlashCardsResultView.swift */ = {isa = PBXFileReference; lastKnownFileType = sourcecode.swift; path = FlashCardsResultView.swift; sourceTree = "<group>"; };
/* End PBXFileReference section */

/* Begin PBXFrameworksBuildPhase section */
		7D54D8DF29E6D31100F3D47D /* Frameworks */ = {
			isa = PBXFrameworksBuildPhase;
			buildActionMask = 2147483647;
			files = (
			);
			runOnlyForDeploymentPostprocessing = 0;
		};
/* End PBXFrameworksBuildPhase section */

/* Begin PBXGroup section */
		7D54D8D929E6D31100F3D47D = {
			isa = PBXGroup;
			children = (
				7D54D8E429E6D31100F3D47D /* FlashCardApp */,
				7D54D8E329E6D31100F3D47D /* Products */,
			);
			sourceTree = "<group>";
		};
		7D54D8E329E6D31100F3D47D /* Products */ = {
			isa = PBXGroup;
			children = (
				7D54D8E229E6D31100F3D47D /* FlashCardApp.app */,
			);
			name = Products;
			sourceTree = "<group>";
		};
		7D54D8E429E6D31100F3D47D /* FlashCardApp */ = {
			isa = PBXGroup;
			children = (
				7D54D8FF29E6E65B00F3D47D /* FlashCardsResultView.swift */,
				7D54D8FD29E6DE5C00F3D47D /* AddFlashCardSetView.swift */,
				7D54D8E529E6D31100F3D47D /* FlashCardAppApp.swift */,
				7D54D8E729E6D31100F3D47D /* FlashCardsTrainingView.swift */,
				7D54D8E929E6D31200F3D47D /* Assets.xcassets */,
				7D54D8EB29E6D31200F3D47D /* Preview Content */,
				7D54D8F329E6D36900F3D47D /* FlashCardView.swift */,
				7D54D8F529E6D3C700F3D47D /* FlashCard.swift */,
				7D54D8F729E6DB7600F3D47D /* ContentView.swift */,
				7D54D8F929E6DC3400F3D47D /* FlashCardSet.swift */,
			);
			path = FlashCardApp;
			sourceTree = "<group>";
		};
		7D54D8EB29E6D31200F3D47D /* Preview Content */ = {
			isa = PBXGroup;
			children = (
				7D54D8EC29E6D31200F3D47D /* Preview Assets.xcassets */,
			);
			path = "Preview Content";
			sourceTree = "<group>";
		};
/* End PBXGroup section */

/* Begin PBXNativeTarget section */
		7D54D8E129E6D31100F3D47D /* FlashCardApp */ = {
			isa = PBXNativeTarget;
			buildConfigurationList = 7D54D8F029E6D31200F3D47D /* Build configuration list for PBXNativeTarget "FlashCardApp" */;
			buildPhases = (
				7D54D8DE29E6D31100F3D47D /* Sources */,
				7D54D8DF29E6D31100F3D47D /* Frameworks */,
				7D54D8E029E6D31100F3D47D /* Resources */,
			);
			buildRules = (
			);
			dependencies = (
			);
			name = FlashCardApp;
			productName = FlashCardApp;
			productReference = 7D54D8E229E6D31100F3D47D /* FlashCardApp.app */;
			productType = "com.apple.product-type.application";
		};
/* End PBXNativeTarget section */

/* Begin PBXProject section */
		7D54D8DA29E6D31100F3D47D /* Project object */ = {
			isa = PBXProject;
			attributes = {
				BuildIndependentTargetsInParallel = 1;
				LastSwiftUpdateCheck = 1430;
				LastUpgradeCheck = 1430;
				TargetAttributes = {
					7D54D8E129E6D31100F3D47D = {
						CreatedOnToolsVersion = 14.3;
					};
				};
			};
			buildConfigurationList = 7D54D8DD29E6D31100F3D47D /* Build configuration list for PBXProject "FlashCardApp" */;
			compatibilityVersion = "Xcode 14.0";
			developmentRegion = en;
			hasScannedForEncodings = 0;
			knownRegions = (
				en,
				Base,
			);
			mainGroup = 7D54D8D929E6D31100F3D47D;
			productRefGroup = 7D54D8E329E6D31100F3D47D /* Products */;
			projectDirPath = "";
			projectRoot = "";
			targets = (
				7D54D8E129E6D31100F3D47D /* FlashCardApp */,
			);
		};
/* End PBXProject section */

/* Begin PBXResourcesBuildPhase section */
		7D54D8E029E6D31100F3D47D /* Resources */ = {
			isa = PBXResourcesBuildPhase;
			buildActionMask = 2147483647;
			files = (
				7D54D8ED29E6D31200F3D47D /* Preview Assets.xcassets in Resources */,
				7D54D8EA29E6D31200F3D47D /* Assets.xcassets in Resources */,
			);
			runOnlyForDeploymentPostprocessing = 0;
		};
/* End PBXResourcesBuildPhase section */

/* Begin PBXSourcesBuildPhase section */
		7D54D8DE29E6D31100F3D47D /* Sources */ = {
			isa = PBXSourcesBuildPhase;
			buildActionMask = 2147483647;
			files = (
				7D54D8F429E6D36900F3D47D /* FlashCardView.swift in Sources */,
				7D54D8F829E6DB7600F3D47D /* ContentView.swift in Sources */,
				7D54D90029E6E65B00F3D47D /* FlashCardsResultView.swift in Sources */,
				7D54D8E829E6D31100F3D47D /* FlashCardsTrainingView.swift in Sources */,
				7D54D8FE29E6DE5C00F3D47D /* AddFlashCardSetView.swift in Sources */,
				7D54D8F629E6D3C700F3D47D /* FlashCard.swift in Sources */,
				7D54D8E629E6D31100F3D47D /* FlashCardAppApp.swift in Sources */,
				7D54D8FA29E6DC3400F3D47D /* FlashCardSet.swift in Sources */,
			);
			runOnlyForDeploymentPostprocessing = 0;
		};
/* End PBXSourcesBuildPhase section */

/* Begin XCBuildConfiguration section */
		7D54D8EE29E6D31200F3D47D /* Debug */ = {
			isa = XCBuildConfiguration;
			buildSettings = {
				ALWAYS_SEARCH_USER_PATHS = NO;
				CLANG_ANALYZER_NONNULL = YES;
				CLANG_ANALYZER_NUMBER_OBJECT_CONVERSION = YES_AGGRESSIVE;
				CLANG_CXX_LANGUAGE_STANDARD = "gnu++20";
				CLANG_ENABLE_MODULES = YES;
				CLANG_ENABLE_OBJC_ARC = YES;
				CLANG_ENABLE_OBJC_WEAK = YES;
				CLANG_WARN_BLOCK_CAPTURE_AUTORELEASING = YES;
				CLANG_WARN_BOOL_CONVERSION = YES;
				CLANG_WARN_COMMA = YES;
				CLANG_WARN_CONSTANT_CONVERSION = YES;
				CLANG_WARN_DEPRECATED_OBJC_IMPLEMENTATIONS = YES;
				CLANG_WARN_DIRECT_OBJC_ISA_USAGE = YES_ERROR;
				CLANG_WARN_DOCUMENTATION_COMMENTS = YES;
				CLANG_WARN_EMPTY_BODY = YES;
				CLANG_WARN_ENUM_CONVERSION = YES;
				CLANG_WARN_INFINITE_RECURSION = YES;
				CLANG_WARN_INT_CONVERSION = YES;
				CLANG_WARN_NON_LITERAL_NULL_CONVERSION = YES;
				CLANG_WARN_OBJC_IMPLICIT_RETAIN_SELF = YES;
				CLANG_WARN_OBJC_LITERAL_CONVERSION = YES;
				CLANG_WARN_OBJC_ROOT_CLASS = YES_ERROR;
				CLANG_WARN_QUOTED_INCLUDE_IN_FRAMEWORK_HEADER = YES;
				CLANG_WARN_RANGE_LOOP_ANALYSIS = YES;
				CLANG_WARN_STRICT_PROTOTYPES = YES;
				CLANG_WARN_SUSPICIOUS_MOVE = YES;
				CLANG_WARN_UNGUARDED_AVAILABILITY = YES_AGGRESSIVE;
				CLANG_WARN_UNREACHABLE_CODE = YES;
				CLANG_WARN__DUPLICATE_METHOD_MATCH = YES;
				COPY_PHASE_STRIP = NO;
				DEBUG_INFORMATION_FORMAT = dwarf;
				ENABLE_STRICT_OBJC_MSGSEND = YES;
				ENABLE_TESTABILITY = YES;
				GCC_C_LANGUAGE_STANDARD = gnu11;
				GCC_DYNAMIC_NO_PIC = NO;
				GCC_NO_COMMON_BLOCKS = YES;
				GCC_OPTIMIZATION_LEVEL = 0;
				GCC_PREPROCESSOR_DEFINITIONS = (
					"DEBUG=1",
					"$(inherited)",
				);
				GCC_WARN_64_TO_32_BIT_CONVERSION = YES;
				GCC_WARN_ABOUT_RETURN_TYPE = YES_ERROR;
				GCC_WARN_UNDECLARED_SELECTOR = YES;
				GCC_WARN_UNINITIALIZED_AUTOS = YES_AGGRESSIVE;
				GCC_WARN_UNUSED_FUNCTION = YES;
				GCC_WARN_UNUSED_VARIABLE = YES;
				IPHONEOS_DEPLOYMENT_TARGET = 16.4;
				MTL_ENABLE_DEBUG_INFO = INCLUDE_SOURCE;
				MTL_FAST_MATH = YES;
				ONLY_ACTIVE_ARCH = YES;
				SDKROOT = iphoneos;
				SWIFT_ACTIVE_COMPILATION_CONDITIONS = DEBUG;
				SWIFT_OPTIMIZATION_LEVEL = "-Onone";
			};
			name = Debug;
		};
		7D54D8EF29E6D31200F3D47D /* Release */ = {
			isa = XCBuildConfiguration;
			buildSettings = {
				ALWAYS_SEARCH_USER_PATHS = NO;
				CLANG_ANALYZER_NONNULL = YES;
				CLANG_ANALYZER_NUMBER_OBJECT_CONVERSION = YES_AGGRESSIVE;
				CLANG_CXX_LANGUAGE_STANDARD = "gnu++20";
				CLANG_ENABLE_MODULES = YES;
				CLANG_ENABLE_OBJC_ARC = YES;
				CLANG_ENABLE_OBJC_WEAK = YES;
				CLANG_WARN_BLOCK_CAPTURE_AUTORELEASING = YES;
				CLANG_WARN_BOOL_CONVERSION = YES;
				CLANG_WARN_COMMA = YES;
				CLANG_WARN_CONSTANT_CONVERSION = YES;
				CLANG_WARN_DEPRECATED_OBJC_IMPLEMENTATIONS = YES;
				CLANG_WARN_DIRECT_OBJC_ISA_USAGE = YES_ERROR;
				CLANG_WARN_DOCUMENTATION_COMMENTS = YES;
				CLANG_WARN_EMPTY_BODY = YES;
				CLANG_WARN_ENUM_CONVERSION = YES;
				CLANG_WARN_INFINITE_RECURSION = YES;
				CLANG_WARN_INT_CONVERSION = YES;
				CLANG_WARN_NON_LITERAL_NULL_CONVERSION = YES;
				CLANG_WARN_OBJC_IMPLICIT_RETAIN_SELF = YES;
				CLANG_WARN_OBJC_LITERAL_CONVERSION = YES;
				CLANG_WARN_OBJC_ROOT_CLASS = YES_ERROR;
				CLANG_WARN_QUOTED_INCLUDE_IN_FRAMEWORK_HEADER = YES;
				CLANG_WARN_RANGE_LOOP_ANALYSIS = YES;
				CLANG_WARN_STRICT_PROTOTYPES = YES;
				CLANG_WARN_SUSPICIOUS_MOVE = YES;
				CLANG_WARN_UNGUARDED_AVAILABILITY = YES_AGGRESSIVE;
				CLANG_WARN_UNREACHABLE_CODE = YES;
				CLANG_WARN__DUPLICATE_METHOD_MATCH = YES;
				COPY_PHASE_STRIP = NO;
				DEBUG_INFORMATION_FORMAT = "dwarf-with-dsym";
				ENABLE_NS_ASSERTIONS = NO;
				ENABLE_STRICT_OBJC_MSGSEND = YES;
				GCC_C_LANGUAGE_STANDARD = gnu11;
				GCC_NO_COMMON_BLOCKS = YES;
				GCC_WARN_64_TO_32_BIT_CONVERSION = YES;
				GCC_WARN_ABOUT_RETURN_TYPE = YES_ERROR;
				GCC_WARN_UNDECLARED_SELECTOR = YES;
				GCC_WARN_UNINITIALIZED_AUTOS = YES_AGGRESSIVE;
				GCC_WARN_UNUSED_FUNCTION = YES;
				GCC_WARN_UNUSED_VARIABLE = YES;
				IPHONEOS_DEPLOYMENT_TARGET = 16.4;
				MTL_ENABLE_DEBUG_INFO = NO;
				MTL_FAST_MATH = YES;
				SDKROOT = iphoneos;
				SWIFT_COMPILATION_MODE = wholemodule;
				SWIFT_OPTIMIZATION_LEVEL = "-O";
				VALIDATE_PRODUCT = YES;
			};
			name = Release;
		};
		7D54D8F129E6D31200F3D47D /* Debug */ = {
			isa = XCBuildConfiguration;
			buildSettings = {
				ASSETCATALOG_COMPILER_APPICON_NAME = AppIcon;
				ASSETCATALOG_COMPILER_GLOBAL_ACCENT_COLOR_NAME = AccentColor;
				CODE_SIGN_STYLE = Automatic;
				CURRENT_PROJECT_VERSION = 1;
				DEVELOPMENT_ASSET_PATHS = "\"FlashCardApp/Preview Content\"";
				ENABLE_PREVIEWS = YES;
				GENERATE_INFOPLIST_FILE = YES;
				INFOPLIST_KEY_UIApplicationSceneManifest_Generation = YES;
				INFOPLIST_KEY_UIApplicationSupportsIndirectInputEvents = YES;
				INFOPLIST_KEY_UILaunchScreen_Generation = YES;
				INFOPLIST_KEY_UISupportedInterfaceOrientations_iPad = "UIInterfaceOrientationPortrait UIInterfaceOrientationPortraitUpsideDown UIInterfaceOrientationLandscapeLeft UIInterfaceOrientationLandscapeRight";
				INFOPLIST_KEY_UISupportedInterfaceOrientations_iPhone = "UIInterfaceOrientationPortrait UIInterfaceOrientationLandscapeLeft UIInterfaceOrientationLandscapeRight";
				LD_RUNPATH_SEARCH_PATHS = (
					"$(inherited)",
					"@executable_path/Frameworks",
				);
				MARKETING_VERSION = 1.0;
				PRODUCT_BUNDLE_IDENTIFIER = ksawio.FlashCardApp;
				PRODUCT_NAME = "$(TARGET_NAME)";
				SWIFT_EMIT_LOC_STRINGS = YES;
				SWIFT_VERSION = 5.0;
				TARGETED_DEVICE_FAMILY = "1,2";
			};
			name = Debug;
		};
		7D54D8F229E6D31200F3D47D /* Release */ = {
			isa = XCBuildConfiguration;
			buildSettings = {
				ASSETCATALOG_COMPILER_APPICON_NAME = AppIcon;
				ASSETCATALOG_COMPILER_GLOBAL_ACCENT_COLOR_NAME = AccentColor;
				CODE_SIGN_STYLE = Automatic;
				CURRENT_PROJECT_VERSION = 1;
				DEVELOPMENT_ASSET_PATHS = "\"FlashCardApp/Preview Content\"";
				ENABLE_PREVIEWS = YES;
				GENERATE_INFOPLIST_FILE = YES;
				INFOPLIST_KEY_UIApplicationSceneManifest_Generation = YES;
				INFOPLIST_KEY_UIApplicationSupportsIndirectInputEvents = YES;
				INFOPLIST_KEY_UILaunchScreen_Generation = YES;
				INFOPLIST_KEY_UISupportedInterfaceOrientations_iPad = "UIInterfaceOrientationPortrait UIInterfaceOrientationPortraitUpsideDown UIInterfaceOrientationLandscapeLeft UIInterfaceOrientationLandscapeRight";
				INFOPLIST_KEY_UISupportedInterfaceOrientations_iPhone = "UIInterfaceOrientationPortrait UIInterfaceOrientationLandscapeLeft UIInterfaceOrientationLandscapeRight";
				LD_RUNPATH_SEARCH_PATHS = (
					"$(inherited)",
					"@executable_path/Frameworks",
				);
				MARKETING_VERSION = 1.0;
				PRODUCT_BUNDLE_IDENTIFIER = ksawio.FlashCardApp;
				PRODUCT_NAME = "$(TARGET_NAME)";
				SWIFT_EMIT_LOC_STRINGS = YES;
				SWIFT_VERSION = 5.0;
				TARGETED_DEVICE_FAMILY = "1,2";
			};
			name = Release;
		};
/* End XCBuildConfiguration section */

/* Begin XCConfigurationList section */
		7D54D8DD29E6D31100F3D47D /* Build configuration list for PBXProject "FlashCardApp" */ = {
			isa = XCConfigurationList;
			buildConfigurations = (
				7D54D8EE29E6D31200F3D47D /* Debug */,
				7D54D8EF29E6D31200F3D47D /* Release */,
			);
			defaultConfigurationIsVisible = 0;
			defaultConfigurationName = Release;
		};
		7D54D8F029E6D31200F3D47D /* Build configuration list for PBXNativeTarget "FlashCardApp" */ = {
			isa = XCConfigurationList;
			buildConfigurations = (
				7D54D8F129E6D31200F3D47D /* Debug */,
				7D54D8F229E6D31200F3D47D /* Release */,
			);
			defaultConfigurationIsVisible = 0;
			defaultConfigurationName = Release;
		};
/* End XCConfigurationList section */
	};
	rootObject = 7D54D8DA29E6D31100F3D47D /* Project object */;
}
